
Microsoft Visual Studio Solution File, Format Version 12.00
Project("{FAE04EC0-301F-11D3-BF4B-00C04F79EFBC}") = "Mirra", "Source\Source.csproj", "{CF0A1B62-0FD5-449F-A4C1-9285AFA2B7C4}"
EndProject
Project("{FAE04EC0-301F-11D3-BF4B-00C04F79EFBC}") = "Tests", "Tests\Tests.csproj", "{01BD43FE-C4BB-4585-BEB2-C72A9C2E0096}"
EndProject
Global
	GlobalSection(SolutionConfigurationPlatforms) = preSolution
		Debug|Any CPU = Debug|Any CPU
		Release|Any CPU = Release|Any CPU
	EndGlobalSection
	GlobalSection(ProjectConfigurationPlatforms) = postSolution
		{CF0A1B62-0FD5-449F-A4C1-9285AFA2B7C4}.Debug|Any CPU.ActiveCfg = Debug|Any CPU
		{CF0A1B62-0FD5-449F-A4C1-9285AFA2B7C4}.Debug|Any CPU.Build.0 = Debug|Any CPU
		{CF0A1B62-0FD5-449F-A4C1-9285AFA2B7C4}.Release|Any CPU.ActiveCfg = Release|Any CPU
		{CF0A1B62-0FD5-449F-A4C1-9285AFA2B7C4}.Release|Any CPU.Build.0 = Release|Any CPU
		{01BD43FE-C4BB-4585-BEB2-C72A9C2E0096}.Debug|Any CPU.ActiveCfg = Debug|Any CPU
		{01BD43FE-C4BB-4585-BEB2-C72A9C2E0096}.Debug|Any CPU.Build.0 = Debug|Any CPU
		{01BD43FE-C4BB-4585-BEB2-C72A9C2E0096}.Release|Any CPU.ActiveCfg = Release|Any CPU
		{01BD43FE-C4BB-4585-BEB2-C72A9C2E0096}.Release|Any CPU.Build.0 = Release|Any CPU
	EndGlobalSection
EndGlobal
